<?xml version="1.0" encoding="utf-8"?>
<Project ToolsVersion="4.0" xmlns="http://schemas.microsoft.com/developer/msbuild/2003">
  <ItemGroup>
    <Filter Include="Source Files">
      <UniqueIdentifier>{4FC737F1-C7A5-4376-A066-2A32D752A2FF}</UniqueIdentifier>
      <Extensions>cpp;c;cc;cxx;def;odl;idl;hpj;bat;asm;asmx</Extensions>
    </Filter>
    <Filter Include="Header Files">
      <UniqueIdentifier>{93995380-89BD-4b04-88EB-625FBE52EBFB}</UniqueIdentifier>
      <Extensions>h;hh;hpp;hxx;hm;inl;inc;ipp;xsd</Extensions>
    </Filter>
    <Filter Include="Resource Files">
      <UniqueIdentifier>{67DA6AB6-F800-4c08-8B7A-83BB121AAD01}</UniqueIdentifier>
      <Extensions>rc;ico;cur;bmp;dlg;rc2;rct;bin;rgs;gif;jpg;jpeg;jpe;resx;tiff;tif;png;wav;mfcribbon-ms</Extensions>
    </Filter>
    <Filter Include="Header Files\Inventory">
      <UniqueIdentifier>{159e2fb8-aeb4-45f3-81fa-50d3452c9a92}</UniqueIdentifier>
    </Filter>
    <Filter Include="Header Files\Inventory\ItemTypes">
      <UniqueIdentifier>{ae78570a-be3a-491f-9fb5-3faf456042d4}</UniqueIdentifier>
    </Filter>
    <Filter Include="Header Files\Inventory\ItemTypes\Weapons">
      <UniqueIdentifier>{dab42936-f865-471a-a1aa-926fb5a9259f}</UniqueIdentifier>
    </Filter>
    <Filter Include="Source Files\Inventory">
      <UniqueIdentifier>{5cd2de1b-9fb1-4e8a-90ea-ee50949470af}</UniqueIdentifier>
    </Filter>
    <Filter Include="Source Files\Inventory\ItemTypes">
      <UniqueIdentifier>{f9100ef4-aef2-415a-8832-a738033072f1}</UniqueIdentifier>
    </Filter>
    <Filter Include="Source Files\Inventory\ItemTypes\Weapons">
      <UniqueIdentifier>{7dca5f83-e252-4568-a7db-c01b41cd0658}</UniqueIdentifier>
    </Filter>
    <Filter Include="Header Files\Inventory\ItemTypes\Artifacts">
      <UniqueIdentifier>{b0a429a0-2eb7-4329-9471-e6d470c94820}</UniqueIdentifier>
    </Filter>
    <Filter Include="Source Files\Inventory\ItemTypes\Artifacts">
      <UniqueIdentifier>{0339ed00-48b2-4544-97e3-d40e6286547b}</UniqueIdentifier>
    </Filter>
    <Filter Include="Header Files\Inventory\ItemTypes\Vehicles">
      <UniqueIdentifier>{b9ec5a08-0200-4867-8e04-fe4f23863c9b}</UniqueIdentifier>
    </Filter>
    <Filter Include="Source Files\Inventory\ItemTypes\Vehicles">
      <UniqueIdentifier>{d83e70c8-515f-4799-8186-aa38b2079891}</UniqueIdentifier>
    </Filter>
  </ItemGroup>
  <ItemGroup>
    <ClInclude Include="Player.h">
      <Filter>Header Files</Filter>
    </ClInclude>
    <ClInclude Include="CharacterSheet.h">
      <Filter>Header Files</Filter>
    </ClInclude>
    <ClInclude Include="Node.h">
      <Filter>Header Files</Filter>
    </ClInclude>
    <ClInclude Include="Items.h">
      <Filter>Header Files\Inventory</Filter>
    </ClInclude>
    <ClInclude Include="Inventory.h">
      <Filter>Header Files\Inventory</Filter>
    </ClInclude>
    <ClInclude Include="ItemDagger.h">
      <Filter>Header Files\Inventory\ItemTypes\Weapons</Filter>
    </ClInclude>
    <ClInclude Include="ItemTypeWeapon.h">
      <Filter>Header Files\Inventory\ItemTypes</Filter>
    </ClInclude>
    <ClInclude Include="ItemTypeVehicle.h">
      <Filter>Header Files\Inventory\ItemTypes</Filter>
    </ClInclude>
    <ClInclude Include="ItemSword.h">
      <Filter>Header Files\Inventory\ItemTypes\Weapons</Filter>
    </ClInclude>
    <ClInclude Include="LinkedList.h">
      <Filter>Source Files\Inventory</Filter>
    </ClInclude>
    <ClInclude Include="Horse.h">
      <Filter>Header Files\Inventory\ItemTypes\Vehicles</Filter>
    </ClInclude>
    <ClInclude Include="ItemTypeArtifact.h">
      <Filter>Header Files\Inventory\ItemTypes</Filter>
    </ClInclude>
    <ClInclude Include="ItemWill.h">
      <Filter>Header Files\Inventory\ItemTypes\Artifacts</Filter>
    </ClInclude>
  </ItemGroup>
  <ItemGroup>
    <ClCompile Include="Player.cpp">
      <Filter>Source Files</Filter>
    </ClCompile>
    <ClCompile Include="Node.cpp">
      <Filter>Source Files</Filter>
    </ClCompile>
    <ClCompile Include="ItemDagger.cpp">
      <Filter>Source Files\Inventory\ItemTypes\Weapons</Filter>
    </ClCompile>
    <ClCompile Include="Items.cpp">
      <Filter>Source Files\Inventory</Filter>
    </ClCompile>
    <ClCompile Include="ItemTypeVehicle.cpp">
      <Filter>Source Files\Inventory\ItemTypes</Filter>
    </ClCompile>
    <ClCompile Include="ItemTypeWeapon.cpp">
      <Filter>Source Files\Inventory\ItemTypes</Filter>
    </ClCompile>
    <ClCompile Include="ItemSword.cpp">
      <Filter>Source Files\Inventory\ItemTypes\Weapons</Filter>
    </ClCompile>
    <ClCompile Include="ItemTypeArtifact.cpp">
      <Filter>Source Files\Inventory\ItemTypes</Filter>
    </ClCompile>
    <ClCompile Include="ItemWill.cpp">
      <Filter>Source Files\Inventory\ItemTypes\Artifacts</Filter>
    </ClCompile>
    <ClCompile Include="Horse.cpp">
      <Filter>Source Files\Inventory\ItemTypes\Vehicles</Filter>
    </ClCompile>
  </ItemGroup>
</Project>